// !$*UTF8*$!
{
	archiveVersion = 1;
	classes = {
	};
	objectVersion = 50;
	objects = {

/* Begin PBXBuildFile section */
		16307F6E21418D45008B2783 /* AppDelegate.swift in Sources */ = {isa = PBXBuildFile; fileRef = 16307F6D21418D45008B2783 /* AppDelegate.swift */; };
		16307F7021418D45008B2783 /* ViewController.swift in Sources */ = {isa = PBXBuildFile; fileRef = 16307F6F21418D45008B2783 /* ViewController.swift */; };
		16307F7321418D45008B2783 /* Main.storyboard in Resources */ = {isa = PBXBuildFile; fileRef = 16307F7121418D45008B2783 /* Main.storyboard */; };
		16307F7521418D46008B2783 /* Assets.xcassets in Resources */ = {isa = PBXBuildFile; fileRef = 16307F7421418D46008B2783 /* Assets.xcassets */; };
		16307F7821418D46008B2783 /* LaunchScreen.storyboard in Resources */ = {isa = PBXBuildFile; fileRef = 16307F7621418D46008B2783 /* LaunchScreen.storyboard */; };
		16307F8321418D47008B2783 /* Prime_PlannerTests.swift in Sources */ = {isa = PBXBuildFile; fileRef = 16307F8221418D47008B2783 /* Prime_PlannerTests.swift */; };
		16A9FEB22162790100CED314 /* SelectionViewController.swift in Sources */ = {isa = PBXBuildFile; fileRef = 16A9FEB12162790100CED314 /* SelectionViewController.swift */; };
		16A9FEB52162793A00CED314 /* SelectionAnimationController.swift in Sources */ = {isa = PBXBuildFile; fileRef = 16A9FEB42162793A00CED314 /* SelectionAnimationController.swift */; };
		16A9FEB72162799300CED314 /* Extensions-Convenience.swift in Sources */ = {isa = PBXBuildFile; fileRef = 16A9FEB62162799300CED314 /* Extensions-Convenience.swift */; };
		16A9FEB921627A1D00CED314 /* SelectionItems.swift in Sources */ = {isa = PBXBuildFile; fileRef = 16A9FEB821627A1D00CED314 /* SelectionItems.swift */; };
		16A9FEBD21627B9500CED314 /* SelectionViewController~Calendar.swift in Sources */ = {isa = PBXBuildFile; fileRef = 16A9FEBC21627B9500CED314 /* SelectionViewController~Calendar.swift */; };
		16A9FEC12162820800CED314 /* ButtonView.swift in Sources */ = {isa = PBXBuildFile; fileRef = 16A9FEC02162820800CED314 /* ButtonView.swift */; };
		16A9FEC42162893500CED314 /* KeyboardService.swift in Sources */ = {isa = PBXBuildFile; fileRef = 16A9FEC32162893500CED314 /* KeyboardService.swift */; };
		16A9FEC621628A0300CED314 /* SelectionViewController~TableView.swift in Sources */ = {isa = PBXBuildFile; fileRef = 16A9FEC521628A0300CED314 /* SelectionViewController~TableView.swift */; };
		16AD69A5214F0BA2002BD255 /* TaskCell.swift in Sources */ = {isa = PBXBuildFile; fileRef = 16AD69A4214F0BA2002BD255 /* TaskCell.swift */; };
		16AD69A8214F120A002BD255 /* Checkbox.swift in Sources */ = {isa = PBXBuildFile; fileRef = 16AD69A7214F120A002BD255 /* Checkbox.swift */; };
		16B078E9216273F90072D71C /* JCalendar.swift in Sources */ = {isa = PBXBuildFile; fileRef = 16B078E6216273F90072D71C /* JCalendar.swift */; };
		16B078EA216273F90072D71C /* JCalendarPage.swift in Sources */ = {isa = PBXBuildFile; fileRef = 16B078E7216273F90072D71C /* JCalendarPage.swift */; };
		16B078EB216273F90072D71C /* JCalendarViewCell.swift in Sources */ = {isa = PBXBuildFile; fileRef = 16B078E8216273F90072D71C /* JCalendarViewCell.swift */; };
		16BA5EDF214B8A0B00A6B066 /* JCoreRequest.swift in Sources */ = {isa = PBXBuildFile; fileRef = 16BA5ED4214B8A0B00A6B066 /* JCoreRequest.swift */; };
		16BA5EE0214B8A0B00A6B066 /* JManaged.swift in Sources */ = {isa = PBXBuildFile; fileRef = 16BA5ED5214B8A0B00A6B066 /* JManaged.swift */; };
		16BA5EE1214B8A0B00A6B066 /* JCoreArray.swift in Sources */ = {isa = PBXBuildFile; fileRef = 16BA5ED6214B8A0B00A6B066 /* JCoreArray.swift */; };
		16BA5EE2214B8A0B00A6B066 /* Task.swift in Sources */ = {isa = PBXBuildFile; fileRef = 16BA5ED8214B8A0B00A6B066 /* Task.swift */; };
		16BA5EE3214B8A0B00A6B066 /* JCore.swift in Sources */ = {isa = PBXBuildFile; fileRef = 16BA5ED9214B8A0B00A6B066 /* JCore.swift */; };
		16BA5EE4214B8A0B00A6B066 /* JCoreRequest-Task.swift in Sources */ = {isa = PBXBuildFile; fileRef = 16BA5EDA214B8A0B00A6B066 /* JCoreRequest-Task.swift */; };
		16BA5EE5214B8A0B00A6B066 /* JCore.xcdatamodeld in Sources */ = {isa = PBXBuildFile; fileRef = 16BA5EDB214B8A0B00A6B066 /* JCore.xcdatamodeld */; };
		16BA5EE6214B8A0B00A6B066 /* Date-Convenience.swift in Sources */ = {isa = PBXBuildFile; fileRef = 16BA5EDE214B8A0B00A6B066 /* Date-Convenience.swift */; };
		16BA5EE8214B8A1A00A6B066 /* TaskDetailViewController.swift in Sources */ = {isa = PBXBuildFile; fileRef = 16BA5EE7214B8A1A00A6B066 /* TaskDetailViewController.swift */; };
		16C327662153181E00ED13C6 /* CoreDataTests.swift in Sources */ = {isa = PBXBuildFile; fileRef = 16C327652153181E00ED13C6 /* CoreDataTests.swift */; };
		16C3276821531F2000ED13C6 /* TaskEditViewController.swift in Sources */ = {isa = PBXBuildFile; fileRef = 16C3276721531F2000ED13C6 /* TaskEditViewController.swift */; };
		AA1FB1942166865B00AC17E2 /* ViewControllerCalender.swift in Sources */ = {isa = PBXBuildFile; fileRef = AA1FB1932166865A00AC17E2 /* ViewControllerCalender.swift */; };
		AA1FB19621668B9700AC17E2 /* ViewControllerDashboard.swift in Sources */ = {isa = PBXBuildFile; fileRef = AA1FB19521668B9700AC17E2 /* ViewControllerDashboard.swift */; };
		AA8C06BB2165911B00A87697 /* File.swift in Sources */ = {isa = PBXBuildFile; fileRef = AA8C06BA2165911B00A87697 /* File.swift */; };
/* End PBXBuildFile section */

/* Begin PBXContainerItemProxy section */
		16307F7F21418D47008B2783 /* PBXContainerItemProxy */ = {
			isa = PBXContainerItemProxy;
			containerPortal = 16307F6221418D45008B2783 /* Project object */;
			proxyType = 1;
			remoteGlobalIDString = 16307F6921418D45008B2783;
			remoteInfo = "Prime Planner";
		};
/* End PBXContainerItemProxy section */

/* Begin PBXFileReference section */
		16307F6A21418D45008B2783 /* Prime Planner.app */ = {isa = PBXFileReference; explicitFileType = wrapper.application; includeInIndex = 0; path = "Prime Planner.app"; sourceTree = BUILT_PRODUCTS_DIR; };
		16307F6D21418D45008B2783 /* AppDelegate.swift */ = {isa = PBXFileReference; lastKnownFileType = sourcecode.swift; path = AppDelegate.swift; sourceTree = "<group>"; };
		16307F6F21418D45008B2783 /* ViewController.swift */ = {isa = PBXFileReference; lastKnownFileType = sourcecode.swift; path = ViewController.swift; sourceTree = "<group>"; };
		16307F7221418D45008B2783 /* Base */ = {isa = PBXFileReference; lastKnownFileType = file.storyboard; name = Base; path = Base.lproj/Main.storyboard; sourceTree = "<group>"; };
		16307F7421418D46008B2783 /* Assets.xcassets */ = {isa = PBXFileReference; lastKnownFileType = folder.assetcatalog; path = Assets.xcassets; sourceTree = "<group>"; };
		16307F7721418D46008B2783 /* Base */ = {isa = PBXFileReference; lastKnownFileType = file.storyboard; name = Base; path = Base.lproj/LaunchScreen.storyboard; sourceTree = "<group>"; };
		16307F7921418D46008B2783 /* Info.plist */ = {isa = PBXFileReference; lastKnownFileType = text.plist.xml; path = Info.plist; sourceTree = "<group>"; };
		16307F7E21418D47008B2783 /* Prime PlannerTests.xctest */ = {isa = PBXFileReference; explicitFileType = wrapper.cfbundle; includeInIndex = 0; path = "Prime PlannerTests.xctest"; sourceTree = BUILT_PRODUCTS_DIR; };
		16307F8221418D47008B2783 /* Prime_PlannerTests.swift */ = {isa = PBXFileReference; lastKnownFileType = sourcecode.swift; path = Prime_PlannerTests.swift; sourceTree = "<group>"; };
		16307F8421418D47008B2783 /* Info.plist */ = {isa = PBXFileReference; lastKnownFileType = text.plist.xml; path = Info.plist; sourceTree = "<group>"; };
		16A9FEB12162790100CED314 /* SelectionViewController.swift */ = {isa = PBXFileReference; fileEncoding = 4; lastKnownFileType = sourcecode.swift; path = SelectionViewController.swift; sourceTree = "<group>"; };
		16A9FEB42162793A00CED314 /* SelectionAnimationController.swift */ = {isa = PBXFileReference; fileEncoding = 4; lastKnownFileType = sourcecode.swift; path = SelectionAnimationController.swift; sourceTree = "<group>"; };
		16A9FEB62162799300CED314 /* Extensions-Convenience.swift */ = {isa = PBXFileReference; lastKnownFileType = sourcecode.swift; path = "Extensions-Convenience.swift"; sourceTree = "<group>"; };
		16A9FEB821627A1D00CED314 /* SelectionItems.swift */ = {isa = PBXFileReference; fileEncoding = 4; lastKnownFileType = sourcecode.swift; path = SelectionItems.swift; sourceTree = "<group>"; };
		16A9FEBC21627B9500CED314 /* SelectionViewController~Calendar.swift */ = {isa = PBXFileReference; fileEncoding = 4; lastKnownFileType = sourcecode.swift; path = "SelectionViewController~Calendar.swift"; sourceTree = "<group>"; };
		16A9FEC02162820800CED314 /* ButtonView.swift */ = {isa = PBXFileReference; fileEncoding = 4; lastKnownFileType = sourcecode.swift; path = ButtonView.swift; sourceTree = "<group>"; };
		16A9FEC32162893500CED314 /* KeyboardService.swift */ = {isa = PBXFileReference; fileEncoding = 4; lastKnownFileType = sourcecode.swift; path = KeyboardService.swift; sourceTree = "<group>"; };
		16A9FEC521628A0300CED314 /* SelectionViewController~TableView.swift */ = {isa = PBXFileReference; fileEncoding = 4; lastKnownFileType = sourcecode.swift; path = "SelectionViewController~TableView.swift"; sourceTree = "<group>"; };
		16AD69A4214F0BA2002BD255 /* TaskCell.swift */ = {isa = PBXFileReference; fileEncoding = 4; lastKnownFileType = sourcecode.swift; path = TaskCell.swift; sourceTree = "<group>"; };
		16AD69A7214F120A002BD255 /* Checkbox.swift */ = {isa = PBXFileReference; lastKnownFileType = sourcecode.swift; path = Checkbox.swift; sourceTree = "<group>"; };
		16B078E6216273F90072D71C /* JCalendar.swift */ = {isa = PBXFileReference; fileEncoding = 4; lastKnownFileType = sourcecode.swift; path = JCalendar.swift; sourceTree = "<group>"; };
		16B078E7216273F90072D71C /* JCalendarPage.swift */ = {isa = PBXFileReference; fileEncoding = 4; lastKnownFileType = sourcecode.swift; path = JCalendarPage.swift; sourceTree = "<group>"; };
		16B078E8216273F90072D71C /* JCalendarViewCell.swift */ = {isa = PBXFileReference; fileEncoding = 4; lastKnownFileType = sourcecode.swift; path = JCalendarViewCell.swift; sourceTree = "<group>"; };
		16BA5ED4214B8A0B00A6B066 /* JCoreRequest.swift */ = {isa = PBXFileReference; fileEncoding = 4; lastKnownFileType = sourcecode.swift; path = JCoreRequest.swift; sourceTree = "<group>"; };
		16BA5ED5214B8A0B00A6B066 /* JManaged.swift */ = {isa = PBXFileReference; fileEncoding = 4; lastKnownFileType = sourcecode.swift; path = JManaged.swift; sourceTree = "<group>"; };
		16BA5ED6214B8A0B00A6B066 /* JCoreArray.swift */ = {isa = PBXFileReference; fileEncoding = 4; lastKnownFileType = sourcecode.swift; path = JCoreArray.swift; sourceTree = "<group>"; };
		16BA5ED8214B8A0B00A6B066 /* Task.swift */ = {isa = PBXFileReference; fileEncoding = 4; lastKnownFileType = sourcecode.swift; path = Task.swift; sourceTree = "<group>"; };
		16BA5ED9214B8A0B00A6B066 /* JCore.swift */ = {isa = PBXFileReference; fileEncoding = 4; lastKnownFileType = sourcecode.swift; path = JCore.swift; sourceTree = "<group>"; };
		16BA5EDA214B8A0B00A6B066 /* JCoreRequest-Task.swift */ = {isa = PBXFileReference; fileEncoding = 4; lastKnownFileType = sourcecode.swift; path = "JCoreRequest-Task.swift"; sourceTree = "<group>"; };
		16BA5EDC214B8A0B00A6B066 /* JCore.xcdatamodel */ = {isa = PBXFileReference; lastKnownFileType = wrapper.xcdatamodel; path = JCore.xcdatamodel; sourceTree = "<group>"; };
		16BA5EDE214B8A0B00A6B066 /* Date-Convenience.swift */ = {isa = PBXFileReference; fileEncoding = 4; lastKnownFileType = sourcecode.swift; path = "Date-Convenience.swift"; sourceTree = "<group>"; };
		16BA5EE7214B8A1A00A6B066 /* TaskDetailViewController.swift */ = {isa = PBXFileReference; fileEncoding = 4; lastKnownFileType = sourcecode.swift; path = TaskDetailViewController.swift; sourceTree = "<group>"; };
		16C327652153181E00ED13C6 /* CoreDataTests.swift */ = {isa = PBXFileReference; lastKnownFileType = sourcecode.swift; path = CoreDataTests.swift; sourceTree = "<group>"; };
		16C3276721531F2000ED13C6 /* TaskEditViewController.swift */ = {isa = PBXFileReference; lastKnownFileType = sourcecode.swift; path = TaskEditViewController.swift; sourceTree = "<group>"; };
		AA1FB1932166865A00AC17E2 /* ViewControllerCalender.swift */ = {isa = PBXFileReference; lastKnownFileType = sourcecode.swift; path = ViewControllerCalender.swift; sourceTree = "<group>"; };
		AA1FB19521668B9700AC17E2 /* ViewControllerDashboard.swift */ = {isa = PBXFileReference; lastKnownFileType = sourcecode.swift; path = ViewControllerDashboard.swift; sourceTree = "<group>"; };
		AA8C06BA2165911B00A87697 /* File.swift */ = {isa = PBXFileReference; lastKnownFileType = sourcecode.swift; path = File.swift; sourceTree = "<group>"; };
/* End PBXFileReference section */

/* Begin PBXFrameworksBuildPhase section */
		16307F6721418D45008B2783 /* Frameworks */ = {
			isa = PBXFrameworksBuildPhase;
			buildActionMask = 2147483647;
			files = (
			);
			runOnlyForDeploymentPostprocessing = 0;
		};
		16307F7B21418D47008B2783 /* Frameworks */ = {
			isa = PBXFrameworksBuildPhase;
			buildActionMask = 2147483647;
			files = (
			);
			runOnlyForDeploymentPostprocessing = 0;
		};
/* End PBXFrameworksBuildPhase section */

/* Begin PBXGroup section */
		16307F6121418D45008B2783 = {
			isa = PBXGroup;
			children = (
				16307F6C21418D45008B2783 /* Prime Planner */,
				16307F8121418D47008B2783 /* Prime PlannerTests */,
				16307F6B21418D45008B2783 /* Products */,
			);
			sourceTree = "<group>";
		};
		16307F6B21418D45008B2783 /* Products */ = {
			isa = PBXGroup;
			children = (
				16307F6A21418D45008B2783 /* Prime Planner.app */,
				16307F7E21418D47008B2783 /* Prime PlannerTests.xctest */,
			);
			name = Products;
			sourceTree = "<group>";
		};
		16307F6C21418D45008B2783 /* Prime Planner */ = {
			isa = PBXGroup;
			children = (
				16BA5ED3214B8A0B00A6B066 /* Core */,
				16AD69A9214F1F87002BD255 /* Task */,
				16307F6D21418D45008B2783 /* AppDelegate.swift */,
				AA8C06BA2165911B00A87697 /* File.swift */,
				16C3276721531F2000ED13C6 /* TaskEditViewController.swift */,
				16BA5EE7214B8A1A00A6B066 /* TaskDetailViewController.swift */,
				16307F6F21418D45008B2783 /* ViewController.swift */,
				AA1FB19521668B9700AC17E2 /* ViewControllerDashboard.swift */,
				AA1FB1932166865A00AC17E2 /* ViewControllerCalender.swift */,
				16307F7121418D45008B2783 /* Main.storyboard */,
				16307F7421418D46008B2783 /* Assets.xcassets */,
				16307F7621418D46008B2783 /* LaunchScreen.storyboard */,
				16307F7921418D46008B2783 /* Info.plist */,
			);
			path = "Prime Planner";
			sourceTree = "<group>";
		};
		16307F8121418D47008B2783 /* Prime PlannerTests */ = {
			isa = PBXGroup;
			children = (
				16307F8221418D47008B2783 /* Prime_PlannerTests.swift */,
				16C327652153181E00ED13C6 /* CoreDataTests.swift */,
				16307F8421418D47008B2783 /* Info.plist */,
			);
			path = "Prime PlannerTests";
			sourceTree = "<group>";
		};
		16A9FEC2216285CA00CED314 /* Selection View */ = {
			isa = PBXGroup;
			children = (
				16A9FEC32162893500CED314 /* KeyboardService.swift */,
				16A9FEC02162820800CED314 /* ButtonView.swift */,
				16A9FEB821627A1D00CED314 /* SelectionItems.swift */,
				16A9FEB42162793A00CED314 /* SelectionAnimationController.swift */,
				16A9FEB12162790100CED314 /* SelectionViewController.swift */,
				16A9FEC521628A0300CED314 /* SelectionViewController~TableView.swift */,
				16A9FEBC21627B9500CED314 /* SelectionViewController~Calendar.swift */,
			);
			path = "Selection View";
			sourceTree = "<group>";
		};
		16AD69A9214F1F87002BD255 /* Task */ = {
			isa = PBXGroup;
			children = (
				16AD69A7214F120A002BD255 /* Checkbox.swift */,
				16AD69A4214F0BA2002BD255 /* TaskCell.swift */,
			);
			path = Task;
			sourceTree = "<group>";
		};
		16B078EC216274000072D71C /* Calendar */ = {
			isa = PBXGroup;
			children = (
				16B078E6216273F90072D71C /* JCalendar.swift */,
				16B078E7216273F90072D71C /* JCalendarPage.swift */,
				16B078E8216273F90072D71C /* JCalendarViewCell.swift */,
			);
			path = Calendar;
			sourceTree = "<group>";
		};
		16BA5ED3214B8A0B00A6B066 /* Core */ = {
			isa = PBXGroup;
			children = (
				16B078EC216274000072D71C /* Calendar */,
				16BA5ED7214B8A0B00A6B066 /* Objects */,
				16BA5ED4214B8A0B00A6B066 /* JCoreRequest.swift */,
				16BA5ED5214B8A0B00A6B066 /* JManaged.swift */,
				16BA5ED6214B8A0B00A6B066 /* JCoreArray.swift */,
				16BA5ED9214B8A0B00A6B066 /* JCore.swift */,
				16BA5EDA214B8A0B00A6B066 /* JCoreRequest-Task.swift */,
				16BA5EDB214B8A0B00A6B066 /* JCore.xcdatamodeld */,
				16BA5EDD214B8A0B00A6B066 /* Helpers */,
			);
			path = Core;
			sourceTree = "<group>";
		};
		16BA5ED7214B8A0B00A6B066 /* Objects */ = {
			isa = PBXGroup;
			children = (
				16BA5ED8214B8A0B00A6B066 /* Task.swift */,
			);
			path = Objects;
			sourceTree = "<group>";
		};
		16BA5EDD214B8A0B00A6B066 /* Helpers */ = {
			isa = PBXGroup;
			children = (
				16A9FEC2216285CA00CED314 /* Selection View */,
				16BA5EDE214B8A0B00A6B066 /* Date-Convenience.swift */,
				16A9FEB62162799300CED314 /* Extensions-Convenience.swift */,
			);
			path = Helpers;
			sourceTree = "<group>";
		};
/* End PBXGroup section */

/* Begin PBXNativeTarget section */
		16307F6921418D45008B2783 /* Prime Planner */ = {
			isa = PBXNativeTarget;
			buildConfigurationList = 16307F8721418D47008B2783 /* Build configuration list for PBXNativeTarget "Prime Planner" */;
			buildPhases = (
				16307F6621418D45008B2783 /* Sources */,
				16307F6721418D45008B2783 /* Frameworks */,
				16307F6821418D45008B2783 /* Resources */,
			);
			buildRules = (
			);
			dependencies = (
			);
			name = "Prime Planner";
			productName = "Prime Planner";
			productReference = 16307F6A21418D45008B2783 /* Prime Planner.app */;
			productType = "com.apple.product-type.application";
		};
		16307F7D21418D47008B2783 /* Prime PlannerTests */ = {
			isa = PBXNativeTarget;
			buildConfigurationList = 16307F8A21418D47008B2783 /* Build configuration list for PBXNativeTarget "Prime PlannerTests" */;
			buildPhases = (
				16307F7A21418D47008B2783 /* Sources */,
				16307F7B21418D47008B2783 /* Frameworks */,
				16307F7C21418D47008B2783 /* Resources */,
			);
			buildRules = (
			);
			dependencies = (
				16307F8021418D47008B2783 /* PBXTargetDependency */,
			);
			name = "Prime PlannerTests";
			productName = "Prime PlannerTests";
			productReference = 16307F7E21418D47008B2783 /* Prime PlannerTests.xctest */;
			productType = "com.apple.product-type.bundle.unit-test";
		};
/* End PBXNativeTarget section */

/* Begin PBXProject section */
		16307F6221418D45008B2783 /* Project object */ = {
			isa = PBXProject;
			attributes = {
				LastSwiftUpdateCheck = 0940;
				LastUpgradeCheck = 0940;
				ORGANIZATIONNAME = Poods;
				TargetAttributes = {
					16307F6921418D45008B2783 = {
						CreatedOnToolsVersion = 9.4.1;
					};
					16307F7D21418D47008B2783 = {
						CreatedOnToolsVersion = 9.4.1;
						TestTargetID = 16307F6921418D45008B2783;
					};
				};
			};
			buildConfigurationList = 16307F6521418D45008B2783 /* Build configuration list for PBXProject "Prime Planner" */;
			compatibilityVersion = "Xcode 9.3";
			developmentRegion = en;
			hasScannedForEncodings = 0;
			knownRegions = (
				en,
				Base,
			);
			mainGroup = 16307F6121418D45008B2783;
			productRefGroup = 16307F6B21418D45008B2783 /* Products */;
			projectDirPath = "";
			projectRoot = "";
			targets = (
				16307F6921418D45008B2783 /* Prime Planner */,
				16307F7D21418D47008B2783 /* Prime PlannerTests */,
			);
		};
/* End PBXProject section */

/* Begin PBXResourcesBuildPhase section */
		16307F6821418D45008B2783 /* Resources */ = {
			isa = PBXResourcesBuildPhase;
			buildActionMask = 2147483647;
			files = (
				16307F7821418D46008B2783 /* LaunchScreen.storyboard in Resources */,
				16307F7521418D46008B2783 /* Assets.xcassets in Resources */,
				16307F7321418D45008B2783 /* Main.storyboard in Resources */,
			);
			runOnlyForDeploymentPostprocessing = 0;
		};
		16307F7C21418D47008B2783 /* Resources */ = {
			isa = PBXResourcesBuildPhase;
			buildActionMask = 2147483647;
			files = (
			);
			runOnlyForDeploymentPostprocessing = 0;
		};
/* End PBXResourcesBuildPhase section */

/* Begin PBXSourcesBuildPhase section */
		16307F6621418D45008B2783 /* Sources */ = {
			isa = PBXSourcesBuildPhase;
			buildActionMask = 2147483647;
			files = (
				16BA5EE1214B8A0B00A6B066 /* JCoreArray.swift in Sources */,
				AA1FB1942166865B00AC17E2 /* ViewControllerCalender.swift in Sources */,
				16C3276821531F2000ED13C6 /* TaskEditViewController.swift in Sources */,
				16A9FEC12162820800CED314 /* ButtonView.swift in Sources */,
				16BA5EE0214B8A0B00A6B066 /* JManaged.swift in Sources */,
				16A9FEC621628A0300CED314 /* SelectionViewController~TableView.swift in Sources */,
				16B078EA216273F90072D71C /* JCalendarPage.swift in Sources */,
				16A9FEBD21627B9500CED314 /* SelectionViewController~Calendar.swift in Sources */,
				16BA5EE3214B8A0B00A6B066 /* JCore.swift in Sources */,
				16BA5EDF214B8A0B00A6B066 /* JCoreRequest.swift in Sources */,
				16A9FEB921627A1D00CED314 /* SelectionItems.swift in Sources */,
				AA1FB19621668B9700AC17E2 /* ViewControllerDashboard.swift in Sources */,
				16AD69A5214F0BA2002BD255 /* TaskCell.swift in Sources */,
				16B078EB216273F90072D71C /* JCalendarViewCell.swift in Sources */,
				16307F7021418D45008B2783 /* ViewController.swift in Sources */,
				16BA5EE5214B8A0B00A6B066 /* JCore.xcdatamodeld in Sources */,
				16BA5EE8214B8A1A00A6B066 /* TaskDetailViewController.swift in Sources */,
				16BA5EE2214B8A0B00A6B066 /* Task.swift in Sources */,
				16BA5EE6214B8A0B00A6B066 /* Date-Convenience.swift in Sources */,
				16A9FEC42162893500CED314 /* KeyboardService.swift in Sources */,
				16A9FEB72162799300CED314 /* Extensions-Convenience.swift in Sources */,
				16A9FEB52162793A00CED314 /* SelectionAnimationController.swift in Sources */,
				16A9FEB22162790100CED314 /* SelectionViewController.swift in Sources */,
				16AD69A8214F120A002BD255 /* Checkbox.swift in Sources */,
				16BA5EE4214B8A0B00A6B066 /* JCoreRequest-Task.swift in Sources */,
				AA8C06BB2165911B00A87697 /* File.swift in Sources */,
				16307F6E21418D45008B2783 /* AppDelegate.swift in Sources */,
				16B078E9216273F90072D71C /* JCalendar.swift in Sources */,
			);
			runOnlyForDeploymentPostprocessing = 0;
		};
		16307F7A21418D47008B2783 /* Sources */ = {
			isa = PBXSourcesBuildPhase;
			buildActionMask = 2147483647;
			files = (
				16C327662153181E00ED13C6 /* CoreDataTests.swift in Sources */,
				16307F8321418D47008B2783 /* Prime_PlannerTests.swift in Sources */,
			);
			runOnlyForDeploymentPostprocessing = 0;
		};
/* End PBXSourcesBuildPhase section */

/* Begin PBXTargetDependency section */
		16307F8021418D47008B2783 /* PBXTargetDependency */ = {
			isa = PBXTargetDependency;
			target = 16307F6921418D45008B2783 /* Prime Planner */;
			targetProxy = 16307F7F21418D47008B2783 /* PBXContainerItemProxy */;
		};
/* End PBXTargetDependency section */

/* Begin PBXVariantGroup section */
		16307F7121418D45008B2783 /* Main.storyboard */ = {
			isa = PBXVariantGroup;
			children = (
				16307F7221418D45008B2783 /* Base */,
			);
			name = Main.storyboard;
			sourceTree = "<group>";
		};
		16307F7621418D46008B2783 /* LaunchScreen.storyboard */ = {
			isa = PBXVariantGroup;
			children = (
				16307F7721418D46008B2783 /* Base */,
			);
			name = LaunchScreen.storyboard;
			sourceTree = "<group>";
		};
/* End PBXVariantGroup section */

/* Begin XCBuildConfiguration section */
		16307F8521418D47008B2783 /* Debug */ = {
			isa = XCBuildConfiguration;
			buildSettings = {
				ALWAYS_SEARCH_USER_PATHS = NO;
				CLANG_ANALYZER_NONNULL = YES;
				CLANG_ANALYZER_NUMBER_OBJECT_CONVERSION = YES_AGGRESSIVE;
				CLANG_CXX_LANGUAGE_STANDARD = "gnu++14";
				CLANG_CXX_LIBRARY = "libc++";
				CLANG_ENABLE_MODULES = YES;
				CLANG_ENABLE_OBJC_ARC = YES;
				CLANG_ENABLE_OBJC_WEAK = YES;
				CLANG_WARN_BLOCK_CAPTURE_AUTORELEASING = YES;
				CLANG_WARN_BOOL_CONVERSION = YES;
				CLANG_WARN_COMMA = YES;
				CLANG_WARN_CONSTANT_CONVERSION = YES;
				CLANG_WARN_DEPRECATED_OBJC_IMPLEMENTATIONS = YES;
				CLANG_WARN_DIRECT_OBJC_ISA_USAGE = YES_ERROR;
				CLANG_WARN_DOCUMENTATION_COMMENTS = YES;
				CLANG_WARN_EMPTY_BODY = YES;
				CLANG_WARN_ENUM_CONVERSION = YES;
				CLANG_WARN_INFINITE_RECURSION = YES;
				CLANG_WARN_INT_CONVERSION = YES;
				CLANG_WARN_NON_LITERAL_NULL_CONVERSION = YES;
				CLANG_WARN_OBJC_IMPLICIT_RETAIN_SELF = YES;
				CLANG_WARN_OBJC_LITERAL_CONVERSION = YES;
				CLANG_WARN_OBJC_ROOT_CLASS = YES_ERROR;
				CLANG_WARN_RANGE_LOOP_ANALYSIS = YES;
				CLANG_WARN_STRICT_PROTOTYPES = YES;
				CLANG_WARN_SUSPICIOUS_MOVE = YES;
				CLANG_WARN_UNGUARDED_AVAILABILITY = YES_AGGRESSIVE;
				CLANG_WARN_UNREACHABLE_CODE = YES;
				CLANG_WARN__DUPLICATE_METHOD_MATCH = YES;
				CODE_SIGN_IDENTITY = "";
				COPY_PHASE_STRIP = NO;
				DEBUG_INFORMATION_FORMAT = dwarf;
				ENABLE_STRICT_OBJC_MSGSEND = YES;
				ENABLE_TESTABILITY = YES;
				GCC_C_LANGUAGE_STANDARD = gnu11;
				GCC_DYNAMIC_NO_PIC = NO;
				GCC_NO_COMMON_BLOCKS = YES;
				GCC_OPTIMIZATION_LEVEL = 0;
				GCC_PREPROCESSOR_DEFINITIONS = (
					"DEBUG=1",
					"$(inherited)",
				);
				GCC_WARN_64_TO_32_BIT_CONVERSION = YES;
				GCC_WARN_ABOUT_RETURN_TYPE = YES_ERROR;
				GCC_WARN_UNDECLARED_SELECTOR = YES;
				GCC_WARN_UNINITIALIZED_AUTOS = YES_AGGRESSIVE;
				GCC_WARN_UNUSED_FUNCTION = YES;
				GCC_WARN_UNUSED_VARIABLE = YES;
				IPHONEOS_DEPLOYMENT_TARGET = 11.4;
				MTL_ENABLE_DEBUG_INFO = YES;
				ONLY_ACTIVE_ARCH = YES;
				SDKROOT = iphoneos;
				SWIFT_ACTIVE_COMPILATION_CONDITIONS = DEBUG;
				SWIFT_OPTIMIZATION_LEVEL = "-Onone";
			};
			name = Debug;
		};
		16307F8621418D47008B2783 /* Release */ = {
			isa = XCBuildConfiguration;
			buildSettings = {
				ALWAYS_SEARCH_USER_PATHS = NO;
				CLANG_ANALYZER_NONNULL = YES;
				CLANG_ANALYZER_NUMBER_OBJECT_CONVERSION = YES_AGGRESSIVE;
				CLANG_CXX_LANGUAGE_STANDARD = "gnu++14";
				CLANG_CXX_LIBRARY = "libc++";
				CLANG_ENABLE_MODULES = YES;
				CLANG_ENABLE_OBJC_ARC = YES;
				CLANG_ENABLE_OBJC_WEAK = YES;
				CLANG_WARN_BLOCK_CAPTURE_AUTORELEASING = YES;
				CLANG_WARN_BOOL_CONVERSION = YES;
				CLANG_WARN_COMMA = YES;
				CLANG_WARN_CONSTANT_CONVERSION = YES;
				CLANG_WARN_DEPRECATED_OBJC_IMPLEMENTATIONS = YES;
				CLANG_WARN_DIRECT_OBJC_ISA_USAGE = YES_ERROR;
				CLANG_WARN_DOCUMENTATION_COMMENTS = YES;
				CLANG_WARN_EMPTY_BODY = YES;
				CLANG_WARN_ENUM_CONVERSION = YES;
				CLANG_WARN_INFINITE_RECURSION = YES;
				CLANG_WARN_INT_CONVERSION = YES;
				CLANG_WARN_NON_LITERAL_NULL_CONVERSION = YES;
				CLANG_WARN_OBJC_IMPLICIT_RETAIN_SELF = YES;
				CLANG_WARN_OBJC_LITERAL_CONVERSION = YES;
				CLANG_WARN_OBJC_ROOT_CLASS = YES_ERROR;
				CLANG_WARN_RANGE_LOOP_ANALYSIS = YES;
				CLANG_WARN_STRICT_PROTOTYPES = YES;
				CLANG_WARN_SUSPICIOUS_MOVE = YES;
				CLANG_WARN_UNGUARDED_AVAILABILITY = YES_AGGRESSIVE;
				CLANG_WARN_UNREACHABLE_CODE = YES;
				CLANG_WARN__DUPLICATE_METHOD_MATCH = YES;
				CODE_SIGN_IDENTITY = "";
				COPY_PHASE_STRIP = NO;
				DEBUG_INFORMATION_FORMAT = "dwarf-with-dsym";
				ENABLE_NS_ASSERTIONS = NO;
				ENABLE_STRICT_OBJC_MSGSEND = YES;
				GCC_C_LANGUAGE_STANDARD = gnu11;
				GCC_NO_COMMON_BLOCKS = YES;
				GCC_WARN_64_TO_32_BIT_CONVERSION = YES;
				GCC_WARN_ABOUT_RETURN_TYPE = YES_ERROR;
				GCC_WARN_UNDECLARED_SELECTOR = YES;
				GCC_WARN_UNINITIALIZED_AUTOS = YES_AGGRESSIVE;
				GCC_WARN_UNUSED_FUNCTION = YES;
				GCC_WARN_UNUSED_VARIABLE = YES;
				IPHONEOS_DEPLOYMENT_TARGET = 11.4;
				MTL_ENABLE_DEBUG_INFO = NO;
				SDKROOT = iphoneos;
				SWIFT_COMPILATION_MODE = wholemodule;
				SWIFT_OPTIMIZATION_LEVEL = "-O";
				VALIDATE_PRODUCT = YES;
			};
			name = Release;
		};
		16307F8821418D47008B2783 /* Debug */ = {
			isa = XCBuildConfiguration;
			buildSettings = {
				ASSETCATALOG_COMPILER_APPICON_NAME = AppIcon;
				CODE_SIGN_STYLE = Manual;
				DEVELOPMENT_TEAM = "";
				INFOPLIST_FILE = "Prime Planner/Info.plist";
				LD_RUNPATH_SEARCH_PATHS = (
					"$(inherited)",
					"@executable_path/Frameworks",
				);
				PRODUCT_BUNDLE_IDENTIFIER = "com.poods.Prime-Planner";
				PRODUCT_NAME = "$(TARGET_NAME)";
				PROVISIONING_PROFILE_SPECIFIER = "";
				SWIFT_VERSION = 4.0;
				TARGETED_DEVICE_FAMILY = "1,2";
			};
			name = Debug;
		};
		16307F8921418D47008B2783 /* Release */ = {
			isa = XCBuildConfiguration;
			buildSettings = {
				ASSETCATALOG_COMPILER_APPICON_NAME = AppIcon;
				CODE_SIGN_STYLE = Manual;
				DEVELOPMENT_TEAM = "";
				INFOPLIST_FILE = "Prime Planner/Info.plist";
				LD_RUNPATH_SEARCH_PATHS = (
					"$(inherited)",
					"@executable_path/Frameworks",
				);
				PRODUCT_BUNDLE_IDENTIFIER = "com.poods.Prime-Planner";
				PRODUCT_NAME = "$(TARGET_NAME)";
				PROVISIONING_PROFILE_SPECIFIER = "";
				SWIFT_VERSION = 4.0;
				TARGETED_DEVICE_FAMILY = "1,2";
			};
			name = Release;
		};
		16307F8B21418D47008B2783 /* Debug */ = {
			isa = XCBuildConfiguration;
			buildSettings = {
				ALWAYS_EMBED_SWIFT_STANDARD_LIBRARIES = YES;
				BUNDLE_LOADER = "$(TEST_HOST)";
				CODE_SIGN_STYLE = Manual;
				DEVELOPMENT_TEAM = "";
				INFOPLIST_FILE = "Prime PlannerTests/Info.plist";
				LD_RUNPATH_SEARCH_PATHS = (
					"$(inherited)",
					"@executable_path/Frameworks",
					"@loader_path/Frameworks",
				);
				PRODUCT_BUNDLE_IDENTIFIER = "com.poods.Prime-PlannerTests";
				PRODUCT_NAME = "$(TARGET_NAME)";
				PROVISIONING_PROFILE_SPECIFIER = "";
				SWIFT_VERSION = 4.0;
				TARGETED_DEVICE_FAMILY = "1,2";
				TEST_HOST = "$(BUILT_PRODUCTS_DIR)/Prime Planner.app/Prime Planner";
			};
			name = Debug;
		};
		16307F8C21418D47008B2783 /* Release */ = {
			isa = XCBuildConfiguration;
			buildSettings = {
				ALWAYS_EMBED_SWIFT_STANDARD_LIBRARIES = YES;
				BUNDLE_LOADER = "$(TEST_HOST)";
				CODE_SIGN_STYLE = Manual;
				DEVELOPMENT_TEAM = "";
				INFOPLIST_FILE = "Prime PlannerTests/Info.plist";
				LD_RUNPATH_SEARCH_PATHS = (
					"$(inherited)",
					"@executable_path/Frameworks",
					"@loader_path/Frameworks",
				);
				PRODUCT_BUNDLE_IDENTIFIER = "com.poods.Prime-PlannerTests";
				PRODUCT_NAME = "$(TARGET_NAME)";
				PROVISIONING_PROFILE_SPECIFIER = "";
				SWIFT_VERSION = 4.0;
				TARGETED_DEVICE_FAMILY = "1,2";
				TEST_HOST = "$(BUILT_PRODUCTS_DIR)/Prime Planner.app/Prime Planner";
			};
			name = Release;
		};
/* End XCBuildConfiguration section */

/* Begin XCConfigurationList section */
		16307F6521418D45008B2783 /* Build configuration list for PBXProject "Prime Planner" */ = {
			isa = XCConfigurationList;
			buildConfigurations = (
				16307F8521418D47008B2783 /* Debug */,
				16307F8621418D47008B2783 /* Release */,
			);
			defaultConfigurationIsVisible = 0;
			defaultConfigurationName = Release;
		};
		16307F8721418D47008B2783 /* Build configuration list for PBXNativeTarget "Prime Planner" */ = {
			isa = XCConfigurationList;
			buildConfigurations = (
				16307F8821418D47008B2783 /* Debug */,
				16307F8921418D47008B2783 /* Release */,
			);
			defaultConfigurationIsVisible = 0;
			defaultConfigurationName = Release;
		};
		16307F8A21418D47008B2783 /* Build configuration list for PBXNativeTarget "Prime PlannerTests" */ = {
			isa = XCConfigurationList;
			buildConfigurations = (
				16307F8B21418D47008B2783 /* Debug */,
				16307F8C21418D47008B2783 /* Release */,
			);
			defaultConfigurationIsVisible = 0;
			defaultConfigurationName = Release;
		};
/* End XCConfigurationList section */

/* Begin XCVersionGroup section */
		16BA5EDB214B8A0B00A6B066 /* JCore.xcdatamodeld */ = {
			isa = XCVersionGroup;
			children = (
				16BA5EDC214B8A0B00A6B066 /* JCore.xcdatamodel */,
			);
			currentVersion = 16BA5EDC214B8A0B00A6B066 /* JCore.xcdatamodel */;
			path = JCore.xcdatamodeld;
			sourceTree = "<group>";
			versionGroupType = wrapper.xcdatamodel;
		};
/* End XCVersionGroup section */
	};
	rootObject = 16307F6221418D45008B2783 /* Project object */;
}
